{
  "name": "simple_turn_order_decider",
  "version": "1.0.0",
  "lockfileVersion": 3,
  "requires": true,
  "packages": {
    "": {
      "name": "simple_turn_order_decider",
      "version": "1.0.0",
      "dependencies": {
        "@types/chrome": "^0.0.262",
        "chrome-types": "^0.1.269"
      },
      "devDependencies": {
        "typescript": "^5.3.3"
      }
    },
    "node_modules/@types/chrome": {
      "version": "0.0.262",
      "resolved": "https://registry.npmjs.org/@types/chrome/-/chrome-0.0.262.tgz",
      "integrity": "sha512-TOoj3dqSYE13PD2fRuMQ6X6pggEvL9rRk/yOYOyWE6sfqRWxsJm4VoVm+wr9pkr4Sht/M5t7FFL4vXato8d1gA==",
      "dependencies": {
        "@types/filesystem": "*",
        "@types/har-format": "*"
      }
    },
    "node_modules/@types/filesystem": {
      "version": "0.0.35",
      "resolved": "https://registry.npmjs.org/@types/filesystem/-/filesystem-0.0.35.tgz",
      "integrity": "sha512-1eKvCaIBdrD2mmMgy5dwh564rVvfEhZTWVQQGRNn0Nt4ZEnJ0C8oSUCzvMKRA4lGde5oEVo+q2MrTTbV/GHDCQ==",
      "dependencies": {
        "@types/filewriter": "*"
      }
    },
    "node_modules/@types/filewriter": {
      "version": "0.0.33",
      "resolved": "https://registry.npmjs.org/@types/filewriter/-/filewriter-0.0.33.tgz",
      "integrity": "sha512-xFU8ZXTw4gd358lb2jw25nxY9QAgqn2+bKKjKOYfNCzN4DKCFetK7sPtrlpg66Ywe3vWY9FNxprZawAh9wfJ3g=="
    },
    "node_modules/@types/har-format": {
      "version": "1.2.15",
      "resolved": "https://registry.npmjs.org/@types/har-format/-/har-format-1.2.15.tgz",
      "integrity": "sha512-RpQH4rXLuvTXKR0zqHq3go0RVXYv/YVqv4TnPH95VbwUxZdQlK1EtcMvQvMpDngHbt13Csh9Z4qT9AbkiQH5BA=="
    },
    "node_modules/chrome-types": {
      "version": "0.1.269",
      "resolved": "https://registry.npmjs.org/chrome-types/-/chrome-types-0.1.269.tgz",
      "integrity": "sha512-p1UULc48qtmc/BsBUFEUZddIOwb+Cb/MYLMpoLBPpjMxYo+1wKkkN/oAwwqeHTy+b5mFYfOLXtKE0McfFVgijw=="
    },
    "node_modules/typescript": {
      "version": "5.3.3",
      "resolved": "https://registry.npmjs.org/typescript/-/typescript-5.3.3.tgz",
      "integrity": "sha512-pXWcraxM0uxAS+tN0AG/BF2TyqmHO014Z070UsJ+pFvYuRSq8KH8DmWpnbXe0pEPDHXZV3FcAbJkijJ5oNEnWw==",
      "dev": true,
      "bin": {
        "tsc": "bin/tsc",
        "tsserver": "bin/tsserver"
      },
      "engines": {
        "node": ">=14.17"
      }
    }
  }
}
